
Microsoft Visual Studio Solution File, Format Version 12.00
# Visual Studio Version 16
VisualStudioVersion = 16.0.30517.126
MinimumVisualStudioVersion = 10.0.40219.1
Project("{9A19103F-16F7-4668-BE54-9A1E7A4F7556}") = "SupportProductsEvaluation.Web", "src\SupportProductsEvaluation.Web\SupportProductsEvaluation.Web.csproj", "{50EEDB33-4250-4030-BFE6-0F4B5C7F7EDF}"
EndProject
Project("{9A19103F-16F7-4668-BE54-9A1E7A4F7556}") = "SupportProductsEvaluation.Infrastructure", "src\SupportProductsEvaluation.Infrastructure\SupportProductsEvaluation.Infrastructure.csproj", "{4F6F77A4-5349-4DFD-B555-91FA0D6DE9FB}"
EndProject
Project("{9A19103F-16F7-4668-BE54-9A1E7A4F7556}") = "SupportProductsEvaluation.Tests", "tests\SupportProductsEvaluation.Tests\SupportProductsEvaluation.Tests.csproj", "{ABAA4952-3116-4F3D-BA57-7799EAF2EF6D}"
EndProject
Project("{9A19103F-16F7-4668-BE54-9A1E7A4F7556}") = "SupportProductsEvaluation.Data", "src\SupportProductsEvaluation.Data\SupportProductsEvaluation.Data.csproj", "{2ED48B8E-C1E2-4377-9F54-F963D68C0838}"
EndProject
Project("{2150E333-8FDC-42A3-9474-1A3956D46DE8}") = "src", "src", "{47AE02D3-01C8-46D1-8EEE-3CFA82A8C749}"
EndProject
Project("{2150E333-8FDC-42A3-9474-1A3956D46DE8}") = "tests", "tests", "{C12DA475-8702-4C64-B10B-1F58FCC42625}"
EndProject
Global
	GlobalSection(SolutionConfigurationPlatforms) = preSolution
		Debug|Any CPU = Debug|Any CPU
		Release|Any CPU = Release|Any CPU
	EndGlobalSection
	GlobalSection(ProjectConfigurationPlatforms) = postSolution
		{50EEDB33-4250-4030-BFE6-0F4B5C7F7EDF}.Debug|Any CPU.ActiveCfg = Debug|Any CPU
		{50EEDB33-4250-4030-BFE6-0F4B5C7F7EDF}.Debug|Any CPU.Build.0 = Debug|Any CPU
		{50EEDB33-4250-4030-BFE6-0F4B5C7F7EDF}.Release|Any CPU.ActiveCfg = Release|Any CPU
		{50EEDB33-4250-4030-BFE6-0F4B5C7F7EDF}.Release|Any CPU.Build.0 = Release|Any CPU
		{4F6F77A4-5349-4DFD-B555-91FA0D6DE9FB}.Debug|Any CPU.ActiveCfg = Debug|Any CPU
		{4F6F77A4-5349-4DFD-B555-91FA0D6DE9FB}.Debug|Any CPU.Build.0 = Debug|Any CPU
		{4F6F77A4-5349-4DFD-B555-91FA0D6DE9FB}.Release|Any CPU.ActiveCfg = Release|Any CPU
		{4F6F77A4-5349-4DFD-B555-91FA0D6DE9FB}.Release|Any CPU.Build.0 = Release|Any CPU
		{ABAA4952-3116-4F3D-BA57-7799EAF2EF6D}.Debug|Any CPU.ActiveCfg = Debug|Any CPU
		{ABAA4952-3116-4F3D-BA57-7799EAF2EF6D}.Debug|Any CPU.Build.0 = Debug|Any CPU
		{ABAA4952-3116-4F3D-BA57-7799EAF2EF6D}.Release|Any CPU.ActiveCfg = Release|Any CPU
		{ABAA4952-3116-4F3D-BA57-7799EAF2EF6D}.Release|Any CPU.Build.0 = Release|Any CPU
		{2ED48B8E-C1E2-4377-9F54-F963D68C0838}.Debug|Any CPU.ActiveCfg = Debug|Any CPU
		{2ED48B8E-C1E2-4377-9F54-F963D68C0838}.Debug|Any CPU.Build.0 = Debug|Any CPU
		{2ED48B8E-C1E2-4377-9F54-F963D68C0838}.Release|Any CPU.ActiveCfg = Release|Any CPU
		{2ED48B8E-C1E2-4377-9F54-F963D68C0838}.Release|Any CPU.Build.0 = Release|Any CPU
	EndGlobalSection
	GlobalSection(SolutionProperties) = preSolution
		HideSolutionNode = FALSE
	EndGlobalSection
	GlobalSection(NestedProjects) = preSolution
		{50EEDB33-4250-4030-BFE6-0F4B5C7F7EDF} = {47AE02D3-01C8-46D1-8EEE-3CFA82A8C749}
		{4F6F77A4-5349-4DFD-B555-91FA0D6DE9FB} = {47AE02D3-01C8-46D1-8EEE-3CFA82A8C749}
		{ABAA4952-3116-4F3D-BA57-7799EAF2EF6D} = {C12DA475-8702-4C64-B10B-1F58FCC42625}
		{2ED48B8E-C1E2-4377-9F54-F963D68C0838} = {47AE02D3-01C8-46D1-8EEE-3CFA82A8C749}
	EndGlobalSection
	GlobalSection(ExtensibilityGlobals) = postSolution
		SolutionGuid = {9F48FE2D-6D1E-4401-AE4B-7F76D5A0312F}
	EndGlobalSection
EndGlobal
